<?xml version="1.0" encoding="utf-8"?>
<Project ToolsVersion="4.0" xmlns="http://schemas.microsoft.com/developer/msbuild/2003">
  <ItemGroup>
    <ClCompile Include="Source.cpp" />
    <ClCompile Include="StateStack.cpp" />
    <ClCompile Include="IScene.cpp">
      <Filter>GameEngine</Filter>
    </ClCompile>
    <ClCompile Include="WaterMelonEngine.cpp">
      <Filter>GameEngine</Filter>
    </ClCompile>
    <ClCompile Include="CoreLibraries\PostOffice\IObserver.cpp">
      <Filter>CoreLibraries\PostOffice</Filter>
    </ClCompile>
    <ClCompile Include="CoreLibraries\PostOffice\PostOffice.cpp">
      <Filter>CoreLibraries\PostOffice</Filter>
    </ClCompile>
    <ClCompile Include="CoreLibraries\PostOffice\Package\Package.cpp">
      <Filter>CoreLibraries\PostOffice\Package</Filter>
    </ClCompile>
    <ClCompile Include="CoreLibraries\PostOffice\Package\PackageManager.cpp">
      <Filter>CoreLibraries\PostOffice\Package</Filter>
    </ClCompile>
    <ClCompile Include="IComponent.cpp">
      <Filter>GameEngine</Filter>
    </ClCompile>
    <ClCompile Include="Square.cpp">
      <Filter>GameEngine</Filter>
    </ClCompile>
    <ClCompile Include="Animation.cpp">
      <Filter>CoreLibraries\SpriteManager</Filter>
    </ClCompile>
    <ClCompile Include="Sprite.cpp">
      <Filter>CoreLibraries\SpriteManager</Filter>
    </ClCompile>
    <ClCompile Include="TextureManager.cpp">
      <Filter>CoreLibraries\SpriteManager</Filter>
    </ClCompile>
  </ItemGroup>
  <ItemGroup>
    <ClInclude Include="IState.h" />
    <ClInclude Include="StateStack.h" />
    <ClInclude Include="WaterMelonEngine.h">
      <Filter>GameEngine</Filter>
    </ClInclude>
    <ClInclude Include="IScene.h">
      <Filter>GameEngine</Filter>
    </ClInclude>
    <ClInclude Include="CoreLibraries\PostOffice\IObserver.h">
      <Filter>CoreLibraries\PostOffice</Filter>
    </ClInclude>
    <ClInclude Include="CoreLibraries\PostOffice\PostOffice.h">
      <Filter>CoreLibraries\PostOffice</Filter>
    </ClInclude>
    <ClInclude Include="CoreLibraries\PostOffice\Package\Package.h">
      <Filter>CoreLibraries\PostOffice\Package</Filter>
    </ClInclude>
    <ClInclude Include="CoreLibraries\PostOffice\Package\PackageManager.h">
      <Filter>CoreLibraries\PostOffice\Package</Filter>
    </ClInclude>
    <ClInclude Include="IComponent.h">
      <Filter>GameEngine</Filter>
    </ClInclude>
    <ClInclude Include="Square.h">
      <Filter>GameEngine</Filter>
    </ClInclude>
    <ClInclude Include="Animation.h">
      <Filter>CoreLibraries\SpriteManager</Filter>
    </ClInclude>
    <ClInclude Include="Sprite.h">
      <Filter>CoreLibraries\SpriteManager</Filter>
    </ClInclude>
    <ClInclude Include="TextureManager.h">
      <Filter>CoreLibraries\SpriteManager</Filter>
    </ClInclude>
    <ClInclude Include="Header.h">
      <Filter>GameEngine</Filter>
    </ClInclude>
  </ItemGroup>
  <ItemGroup>
    <Filter Include="GameObject">
      <UniqueIdentifier>{6ecd6fb9-d4eb-48a5-9fec-f6bb7a2b5242}</UniqueIdentifier>
    </Filter>
    <Filter Include="Scene">
      <UniqueIdentifier>{14d0695b-6d39-4bf9-8c19-a49455de1638}</UniqueIdentifier>
    </Filter>
    <Filter Include="GameEngine">
      <UniqueIdentifier>{ec665bd4-412c-4125-908c-ae22019e54da}</UniqueIdentifier>
    </Filter>
    <Filter Include="CoreLibraries">
      <UniqueIdentifier>{74e84c90-6f41-4008-b192-eed25d70b02e}</UniqueIdentifier>
    </Filter>
    <Filter Include="CoreLibraries\PostOffice">
      <UniqueIdentifier>{7b6ea10f-babb-45b3-a0fa-541f94b47251}</UniqueIdentifier>
    </Filter>
    <Filter Include="CoreLibraries\PostOffice\Package">
      <UniqueIdentifier>{df0555aa-b4c4-4445-b2c5-faac0573505e}</UniqueIdentifier>
    </Filter>
    <Filter Include="CoreLibraries\SpriteManager">
      <UniqueIdentifier>{80e26017-24eb-4f16-970b-d10ef587492d}</UniqueIdentifier>
    </Filter>
  </ItemGroup>
</Project>