<?xml version="1.0" encoding="utf-8"?>
<Project ToolsVersion="4.0" xmlns="http://schemas.microsoft.com/developer/msbuild/2003">
  <ItemGroup>
    <ClCompile Include="Source.cpp" />
    <ClCompile Include="StateStack.cpp" />
    <ClCompile Include="WaterMelonEngine.cpp">
      <Filter>GameEngine</Filter>
    </ClCompile>
    <ClCompile Include="Animation.cpp">
      <Filter>CoreLibraries\SpriteManager</Filter>
    </ClCompile>
    <ClCompile Include="Sprite.cpp">
      <Filter>CoreLibraries\SpriteManager</Filter>
    </ClCompile>
    <ClCompile Include="TextureManager.cpp">
      <Filter>CoreLibraries\SpriteManager</Filter>
    </ClCompile>
    <ClCompile Include="IObserver.cpp">
      <Filter>CoreLibraries\PostOffice</Filter>
    </ClCompile>
    <ClCompile Include="PostOffice.cpp">
      <Filter>CoreLibraries\PostOffice</Filter>
    </ClCompile>
    <ClCompile Include="Package.cpp">
      <Filter>CoreLibraries\Package</Filter>
    </ClCompile>
    <ClCompile Include="PackageManager.cpp">
      <Filter>CoreLibraries\Package</Filter>
    </ClCompile>
    <ClCompile Include="Scene.cpp">
      <Filter>Scene</Filter>
    </ClCompile>
    <ClCompile Include="DefaultObject.cpp">
      <Filter>GameObject</Filter>
    </ClCompile>
    <ClCompile Include="GameObject.cpp">
      <Filter>GameObject</Filter>
    </ClCompile>
    <ClCompile Include="SoundManager.cpp">
      <Filter>CoreLibraries\SoundManager</Filter>
    </ClCompile>
    <ClCompile Include="TileSet.cpp">
      <Filter>GameObject\TileMap</Filter>
    </ClCompile>
    <ClCompile Include="DungeonScene.cpp">
      <Filter>MonsterKill\DungeonScene</Filter>
    </ClCompile>
    <ClCompile Include="DungeonMapObject.cpp">
      <Filter>MonsterKill\DungeonObject</Filter>
    </ClCompile>
    <ClCompile Include="MenuPanel.cpp" />
    <ClCompile Include="StatisticBox.cpp" />
    <ClCompile Include="TileLayer.cpp">
      <Filter>GameObject\TileMap</Filter>
    </ClCompile>
    <ClCompile Include="Helper.cpp" />
    <ClCompile Include="MapTile.cpp">
      <Filter>GameObject\TileMap</Filter>
    </ClCompile>
    <ClCompile Include="TilesetTile.cpp" />
    <ClCompile Include="Map.cpp">
      <Filter>GameObject\TileMap</Filter>
    </ClCompile>
    <ClCompile Include="AttackAction.cpp">
      <Filter>MonsterKill\Actor\Command</Filter>
    </ClCompile>
    <ClCompile Include="DieAction.cpp">
      <Filter>MonsterKill\Actor\Command</Filter>
    </ClCompile>
    <ClCompile Include="MoveAction.cpp">
      <Filter>MonsterKill\Actor\Command</Filter>
    </ClCompile>
    <ClCompile Include="ICommand.cpp">
      <Filter>MonsterKill\Actor\Command</Filter>
    </ClCompile>
    <ClCompile Include="NormalState.cpp">
      <Filter>MonsterKill\Actor\IActorState</Filter>
    </ClCompile>
    <ClCompile Include="DeadState.cpp">
      <Filter>MonsterKill\Actor\IActorState</Filter>
    </ClCompile>
    <ClCompile Include="HeroObject.cpp">
      <Filter>MonsterKill\Actor</Filter>
    </ClCompile>
    <ClCompile Include="KnockBack.cpp">
      <Filter>MonsterKill\Actor\IActorState</Filter>
    </ClCompile>
    <ClCompile Include="GameDirector.cpp">
      <Filter>GameObject\GameDirector</Filter>
    </ClCompile>
    <ClCompile Include="StartGame.cpp">
      <Filter>GameObject\GameDirector</Filter>
    </ClCompile>
    <ClCompile Include="MonsterObject.cpp">
      <Filter>MonsterKill\Actor</Filter>
    </ClCompile>
  </ItemGroup>
  <ItemGroup>
    <ClInclude Include="IState.h" />
    <ClInclude Include="StateStack.h" />
    <ClInclude Include="WaterMelonEngine.h">
      <Filter>GameEngine</Filter>
    </ClInclude>
    <ClInclude Include="Animation.h">
      <Filter>CoreLibraries\SpriteManager</Filter>
    </ClInclude>
    <ClInclude Include="Sprite.h">
      <Filter>CoreLibraries\SpriteManager</Filter>
    </ClInclude>
    <ClInclude Include="TextureManager.h">
      <Filter>CoreLibraries\SpriteManager</Filter>
    </ClInclude>
    <ClInclude Include="IObserver.h">
      <Filter>CoreLibraries\PostOffice</Filter>
    </ClInclude>
    <ClInclude Include="PostOffice.h">
      <Filter>CoreLibraries\PostOffice</Filter>
    </ClInclude>
    <ClInclude Include="Package.h">
      <Filter>CoreLibraries\Package</Filter>
    </ClInclude>
    <ClInclude Include="PackageManager.h">
      <Filter>CoreLibraries\Package</Filter>
    </ClInclude>
    <ClInclude Include="IComponent.h">
      <Filter>GameEngine</Filter>
    </ClInclude>
    <ClInclude Include="BaseObject.h">
      <Filter>GameEngine</Filter>
    </ClInclude>
    <ClInclude Include="Scene.h">
      <Filter>Scene</Filter>
    </ClInclude>
    <ClInclude Include="DefaultObject.h">
      <Filter>GameObject</Filter>
    </ClInclude>
    <ClInclude Include="GameObject.h">
      <Filter>GameObject</Filter>
    </ClInclude>
    <ClInclude Include="Definition.h" />
    <ClInclude Include="SoundManager.h">
      <Filter>CoreLibraries\SoundManager</Filter>
    </ClInclude>
    <ClInclude Include="TileSet.h">
      <Filter>GameObject\TileMap</Filter>
    </ClInclude>
    <ClInclude Include="DungeonScene.h">
      <Filter>MonsterKill\DungeonScene</Filter>
    </ClInclude>
    <ClInclude Include="DungeonMapObject.h">
      <Filter>MonsterKill\DungeonObject</Filter>
    </ClInclude>
    <ClInclude Include="MenuPanel.h" />
    <ClInclude Include="StatisticBox.h" />
    <ClInclude Include="TileLayer.h">
      <Filter>GameObject\TileMap</Filter>
    </ClInclude>
    <ClInclude Include="Helper.h" />
    <ClInclude Include="MapTile.h">
      <Filter>GameObject\TileMap</Filter>
    </ClInclude>
    <ClInclude Include="TilesetTile.h" />
    <ClInclude Include="Map.h">
      <Filter>GameObject\TileMap</Filter>
    </ClInclude>
    <ClInclude Include="AttackAction.h">
      <Filter>MonsterKill\Actor\Command</Filter>
    </ClInclude>
    <ClInclude Include="DieAction.h">
      <Filter>MonsterKill\Actor\Command</Filter>
    </ClInclude>
    <ClInclude Include="MoveAction.h">
      <Filter>MonsterKill\Actor\Command</Filter>
    </ClInclude>
    <ClInclude Include="ICommand.h">
      <Filter>MonsterKill\Actor\Command</Filter>
    </ClInclude>
    <ClInclude Include="Actor.h">
      <Filter>MonsterKill\Actor</Filter>
    </ClInclude>
    <ClInclude Include="IActorState.h">
      <Filter>MonsterKill\Actor\IActorState</Filter>
    </ClInclude>
    <ClInclude Include="NormalState.h">
      <Filter>MonsterKill\Actor\IActorState</Filter>
    </ClInclude>
    <ClInclude Include="DeadState.h">
      <Filter>MonsterKill\Actor\IActorState</Filter>
    </ClInclude>
    <ClInclude Include="HeroObject.h">
      <Filter>MonsterKill\Actor</Filter>
    </ClInclude>
    <ClInclude Include="KnockBack.h">
      <Filter>MonsterKill\Actor\IActorState</Filter>
    </ClInclude>
    <ClInclude Include="GameDirector.h">
      <Filter>GameObject\GameDirector</Filter>
    </ClInclude>
    <ClInclude Include="GameState.h">
      <Filter>GameObject\GameDirector</Filter>
    </ClInclude>
    <ClInclude Include="StartGame.h">
      <Filter>GameObject\GameDirector</Filter>
    </ClInclude>
    <ClInclude Include="MonsterObject.h">
      <Filter>MonsterKill\Actor</Filter>
    </ClInclude>
  </ItemGroup>
  <ItemGroup>
    <Filter Include="GameObject">
      <UniqueIdentifier>{6ecd6fb9-d4eb-48a5-9fec-f6bb7a2b5242}</UniqueIdentifier>
    </Filter>
    <Filter Include="Scene">
      <UniqueIdentifier>{14d0695b-6d39-4bf9-8c19-a49455de1638}</UniqueIdentifier>
    </Filter>
    <Filter Include="GameEngine">
      <UniqueIdentifier>{ec665bd4-412c-4125-908c-ae22019e54da}</UniqueIdentifier>
    </Filter>
    <Filter Include="CoreLibraries">
      <UniqueIdentifier>{74e84c90-6f41-4008-b192-eed25d70b02e}</UniqueIdentifier>
    </Filter>
    <Filter Include="CoreLibraries\PostOffice">
      <UniqueIdentifier>{7b6ea10f-babb-45b3-a0fa-541f94b47251}</UniqueIdentifier>
    </Filter>
    <Filter Include="CoreLibraries\SpriteManager">
      <UniqueIdentifier>{80e26017-24eb-4f16-970b-d10ef587492d}</UniqueIdentifier>
    </Filter>
    <Filter Include="CoreLibraries\Package">
      <UniqueIdentifier>{53fe5797-401c-4f7c-b207-b1b43bf7543a}</UniqueIdentifier>
    </Filter>
    <Filter Include="GameObject\TileMap">
      <UniqueIdentifier>{8f3d3748-ef81-4ec5-bdc6-b4ab46efa6cc}</UniqueIdentifier>
    </Filter>
    <Filter Include="CoreLibraries\SoundManager">
      <UniqueIdentifier>{2d9b0a41-a694-43a6-8dc5-598fc5f79dd3}</UniqueIdentifier>
    </Filter>
    <Filter Include="MonsterKill">
      <UniqueIdentifier>{eb1a0259-7669-40a9-b347-d53dd12a75cc}</UniqueIdentifier>
    </Filter>
    <Filter Include="MonsterKill\DungeonObject">
      <UniqueIdentifier>{6aae4608-ef0f-4c0b-a55f-f5384f4f41f2}</UniqueIdentifier>
    </Filter>
    <Filter Include="MonsterKill\DungeonScene">
      <UniqueIdentifier>{0f653353-8fac-4892-975c-a58ab348bde0}</UniqueIdentifier>
    </Filter>
    <Filter Include="MonsterKill\Actor">
      <UniqueIdentifier>{10879772-ad56-4f61-b875-af00160e502d}</UniqueIdentifier>
    </Filter>
    <Filter Include="MonsterKill\Actor\IActorState">
      <UniqueIdentifier>{0f945e1e-2bc3-4712-a095-349bedcd8b9d}</UniqueIdentifier>
    </Filter>
    <Filter Include="MonsterKill\Actor\Command">
      <UniqueIdentifier>{5c787d3c-06b7-414f-9b3b-8956c6c61760}</UniqueIdentifier>
    </Filter>
    <Filter Include="GameObject\GameDirector">
      <UniqueIdentifier>{9c927c7e-f380-417f-8824-b8bd00afe99c}</UniqueIdentifier>
    </Filter>
  </ItemGroup>
</Project>