<?xml version="1.0" encoding="utf-8"?>
<Project ToolsVersion="4.0" xmlns="http://schemas.microsoft.com/developer/msbuild/2003">
  <ItemGroup>
    <ClCompile Include="Source.cpp" />
    <ClCompile Include="StateStack.cpp" />
    <ClCompile Include="WaterMelonEngine.cpp">
      <Filter>GameEngine</Filter>
    </ClCompile>
    <ClCompile Include="Animation.cpp">
      <Filter>CoreLibraries\SpriteManager</Filter>
    </ClCompile>
    <ClCompile Include="Sprite.cpp">
      <Filter>CoreLibraries\SpriteManager</Filter>
    </ClCompile>
    <ClCompile Include="TextureManager.cpp">
      <Filter>CoreLibraries\SpriteManager</Filter>
    </ClCompile>
    <ClCompile Include="IObserver.cpp">
      <Filter>CoreLibraries\PostOffice</Filter>
    </ClCompile>
    <ClCompile Include="PostOffice.cpp">
      <Filter>CoreLibraries\PostOffice</Filter>
    </ClCompile>
    <ClCompile Include="Package.cpp">
      <Filter>CoreLibraries\Package</Filter>
    </ClCompile>
    <ClCompile Include="PackageManager.cpp">
      <Filter>CoreLibraries\Package</Filter>
    </ClCompile>
    <ClCompile Include="Scene.cpp">
      <Filter>Scene</Filter>
    </ClCompile>
    <ClCompile Include="SquareObject.cpp">
      <Filter>GameObject</Filter>
    </ClCompile>
    <ClCompile Include="GameScene.cpp">
      <Filter>Scene</Filter>
    </ClCompile>
    <ClCompile Include="DefaultObject.cpp">
      <Filter>GameObject</Filter>
    </ClCompile>
    <ClCompile Include="GameObject.cpp">
      <Filter>GameObject</Filter>
    </ClCompile>
    <ClCompile Include="Tile.cpp">
      <Filter>GameObject\TileMap</Filter>
    </ClCompile>
    <ClCompile Include="TileMap.cpp">
      <Filter>GameObject\TileMap</Filter>
    </ClCompile>
    <ClCompile Include="SoundManager.cpp">
      <Filter>CoreLibraries\SoundManager</Filter>
    </ClCompile>
  </ItemGroup>
  <ItemGroup>
    <ClInclude Include="IState.h" />
    <ClInclude Include="StateStack.h" />
    <ClInclude Include="WaterMelonEngine.h">
      <Filter>GameEngine</Filter>
    </ClInclude>
    <ClInclude Include="Animation.h">
      <Filter>CoreLibraries\SpriteManager</Filter>
    </ClInclude>
    <ClInclude Include="Sprite.h">
      <Filter>CoreLibraries\SpriteManager</Filter>
    </ClInclude>
    <ClInclude Include="TextureManager.h">
      <Filter>CoreLibraries\SpriteManager</Filter>
    </ClInclude>
    <ClInclude Include="IObserver.h">
      <Filter>CoreLibraries\PostOffice</Filter>
    </ClInclude>
    <ClInclude Include="PostOffice.h">
      <Filter>CoreLibraries\PostOffice</Filter>
    </ClInclude>
    <ClInclude Include="Package.h">
      <Filter>CoreLibraries\Package</Filter>
    </ClInclude>
    <ClInclude Include="PackageManager.h">
      <Filter>CoreLibraries\Package</Filter>
    </ClInclude>
    <ClInclude Include="IComponent.h">
      <Filter>GameEngine</Filter>
    </ClInclude>
    <ClInclude Include="BaseObject.h">
      <Filter>GameEngine</Filter>
    </ClInclude>
    <ClInclude Include="Scene.h">
      <Filter>Scene</Filter>
    </ClInclude>
    <ClInclude Include="SquareObject.h">
      <Filter>GameObject</Filter>
    </ClInclude>
    <ClInclude Include="GameScene.h">
      <Filter>Scene</Filter>
    </ClInclude>
    <ClInclude Include="DefaultObject.h">
      <Filter>GameObject</Filter>
    </ClInclude>
    <ClInclude Include="GameObject.h">
      <Filter>GameObject</Filter>
    </ClInclude>
    <ClInclude Include="Definition.h" />
    <ClInclude Include="Tile.h">
      <Filter>GameObject\TileMap</Filter>
    </ClInclude>
    <ClInclude Include="TileMap.h">
      <Filter>GameObject\TileMap</Filter>
    </ClInclude>
    <ClInclude Include="SoundManager.h">
      <Filter>CoreLibraries\SoundManager</Filter>
    </ClInclude>
  </ItemGroup>
  <ItemGroup>
    <Filter Include="GameObject">
      <UniqueIdentifier>{6ecd6fb9-d4eb-48a5-9fec-f6bb7a2b5242}</UniqueIdentifier>
    </Filter>
    <Filter Include="Scene">
      <UniqueIdentifier>{14d0695b-6d39-4bf9-8c19-a49455de1638}</UniqueIdentifier>
    </Filter>
    <Filter Include="GameEngine">
      <UniqueIdentifier>{ec665bd4-412c-4125-908c-ae22019e54da}</UniqueIdentifier>
    </Filter>
    <Filter Include="CoreLibraries">
      <UniqueIdentifier>{74e84c90-6f41-4008-b192-eed25d70b02e}</UniqueIdentifier>
    </Filter>
    <Filter Include="CoreLibraries\PostOffice">
      <UniqueIdentifier>{7b6ea10f-babb-45b3-a0fa-541f94b47251}</UniqueIdentifier>
    </Filter>
    <Filter Include="CoreLibraries\SpriteManager">
      <UniqueIdentifier>{80e26017-24eb-4f16-970b-d10ef587492d}</UniqueIdentifier>
    </Filter>
    <Filter Include="CoreLibraries\Package">
      <UniqueIdentifier>{53fe5797-401c-4f7c-b207-b1b43bf7543a}</UniqueIdentifier>
    </Filter>
    <Filter Include="GameObject\TileMap">
      <UniqueIdentifier>{8f3d3748-ef81-4ec5-bdc6-b4ab46efa6cc}</UniqueIdentifier>
    </Filter>
    <Filter Include="CoreLibraries\SoundManager">
      <UniqueIdentifier>{c37f0b58-759d-41f2-9c59-d7c340154a4c}</UniqueIdentifier>
    </Filter>
  </ItemGroup>
</Project>